<?xml version="1.0" encoding="utf-8"?>
<Project ToolsVersion="18.0" xmlns="http://schemas.microsoft.com/developer/msbuild/2003">
  <ItemGroup>
    <ClCompile Include="D:\Games\Open-Racing-Simulator-\src\modules\simu\simuv2\SOLID-2.0\src\BBoxTree.cpp">
      <Filter>Source Files</Filter>
    </ClCompile>
    <ClCompile Include="D:\Games\Open-Racing-Simulator-\src\modules\simu\simuv2\SOLID-2.0\src\Box.cpp">
      <Filter>Source Files</Filter>
    </ClCompile>
    <ClCompile Include="D:\Games\Open-Racing-Simulator-\src\modules\simu\simuv2\SOLID-2.0\src\C-api.cpp">
      <Filter>Source Files</Filter>
    </ClCompile>
    <ClCompile Include="D:\Games\Open-Racing-Simulator-\src\modules\simu\simuv2\SOLID-2.0\src\Complex.cpp">
      <Filter>Source Files</Filter>
    </ClCompile>
    <ClCompile Include="D:\Games\Open-Racing-Simulator-\src\modules\simu\simuv2\SOLID-2.0\src\Cone.cpp">
      <Filter>Source Files</Filter>
    </ClCompile>
    <ClCompile Include="D:\Games\Open-Racing-Simulator-\src\modules\simu\simuv2\SOLID-2.0\src\Convex.cpp">
      <Filter>Source Files</Filter>
    </ClCompile>
    <ClCompile Include="D:\Games\Open-Racing-Simulator-\src\modules\simu\simuv2\SOLID-2.0\src\Cylinder.cpp">
      <Filter>Source Files</Filter>
    </ClCompile>
    <ClCompile Include="D:\Games\Open-Racing-Simulator-\src\modules\simu\simuv2\SOLID-2.0\src\Endpoint.cpp">
      <Filter>Source Files</Filter>
    </ClCompile>
    <ClCompile Include="D:\Games\Open-Racing-Simulator-\src\modules\simu\simuv2\SOLID-2.0\src\Object.cpp">
      <Filter>Source Files</Filter>
    </ClCompile>
    <ClCompile Include="D:\Games\Open-Racing-Simulator-\src\modules\simu\simuv2\SOLID-2.0\src\Polygon.cpp">
      <Filter>Source Files</Filter>
    </ClCompile>
    <ClCompile Include="D:\Games\Open-Racing-Simulator-\src\modules\simu\simuv2\SOLID-2.0\src\Polyhedron.cpp">
      <Filter>Source Files</Filter>
    </ClCompile>
    <ClCompile Include="D:\Games\Open-Racing-Simulator-\src\modules\simu\simuv2\SOLID-2.0\src\RespTable.cpp">
      <Filter>Source Files</Filter>
    </ClCompile>
    <ClCompile Include="D:\Games\Open-Racing-Simulator-\src\modules\simu\simuv2\SOLID-2.0\src\Response.cpp">
      <Filter>Source Files</Filter>
    </ClCompile>
    <ClCompile Include="D:\Games\Open-Racing-Simulator-\src\modules\simu\simuv2\SOLID-2.0\src\Simplex.cpp">
      <Filter>Source Files</Filter>
    </ClCompile>
    <ClCompile Include="D:\Games\Open-Racing-Simulator-\src\modules\simu\simuv2\SOLID-2.0\src\Sphere.cpp">
      <Filter>Source Files</Filter>
    </ClCompile>
    <ClCompile Include="D:\Games\Open-Racing-Simulator-\src\modules\simu\simuv2\SOLID-2.0\src\Transform.cpp">
      <Filter>Source Files</Filter>
    </ClCompile>
  </ItemGroup>
  <ItemGroup>
    <CustomBuild Include="D:\Games\Open-Racing-Simulator-\src\modules\simu\simuv2\SOLID-2.0\CMakeLists.txt" />
  </ItemGroup>
  <ItemGroup>
    <Filter Include="Source Files">
      <UniqueIdentifier>{C0705C8A-BAC3-377D-A669-0F80921B3108}</UniqueIdentifier>
    </Filter>
  </ItemGroup>
</Project>
