<?xml version="1.0" encoding="utf-8"?>
<Project ToolsVersion="18.0" xmlns="http://schemas.microsoft.com/developer/msbuild/2003">
  <ItemGroup>
    <ClCompile Include="D:\Games\Open-Racing-Simulator-\src\modules\simu\simuv2\aero.cpp">
      <Filter>Source Files</Filter>
    </ClCompile>
    <ClCompile Include="D:\Games\Open-Racing-Simulator-\src\modules\simu\simuv2\atmosphere.cpp">
      <Filter>Source Files</Filter>
    </ClCompile>
    <ClCompile Include="D:\Games\Open-Racing-Simulator-\src\modules\simu\simuv2\axle.cpp">
      <Filter>Source Files</Filter>
    </ClCompile>
    <ClCompile Include="D:\Games\Open-Racing-Simulator-\src\modules\simu\simuv2\brake.cpp">
      <Filter>Source Files</Filter>
    </ClCompile>
    <ClCompile Include="D:\Games\Open-Racing-Simulator-\src\modules\simu\simuv2\car.cpp">
      <Filter>Source Files</Filter>
    </ClCompile>
    <ClCompile Include="D:\Games\Open-Racing-Simulator-\src\modules\simu\simuv2\categories.cpp">
      <Filter>Source Files</Filter>
    </ClCompile>
    <ClCompile Include="D:\Games\Open-Racing-Simulator-\src\modules\simu\simuv2\collide.cpp">
      <Filter>Source Files</Filter>
    </ClCompile>
    <ClCompile Include="D:\Games\Open-Racing-Simulator-\src\modules\simu\simuv2\differential.cpp">
      <Filter>Source Files</Filter>
    </ClCompile>
    <ClCompile Include="D:\Games\Open-Racing-Simulator-\src\modules\simu\simuv2\engine.cpp">
      <Filter>Source Files</Filter>
    </ClCompile>
    <ClCompile Include="D:\Games\Open-Racing-Simulator-\src\modules\simu\simuv2\simu.cpp">
      <Filter>Source Files</Filter>
    </ClCompile>
    <ClCompile Include="D:\Games\Open-Racing-Simulator-\src\modules\simu\simuv2\simuitf.cpp">
      <Filter>Source Files</Filter>
    </ClCompile>
    <ClCompile Include="D:\Games\Open-Racing-Simulator-\src\modules\simu\simuv2\steer.cpp">
      <Filter>Source Files</Filter>
    </ClCompile>
    <ClCompile Include="D:\Games\Open-Racing-Simulator-\src\modules\simu\simuv2\susp.cpp">
      <Filter>Source Files</Filter>
    </ClCompile>
    <ClCompile Include="D:\Games\Open-Racing-Simulator-\src\modules\simu\simuv2\tracksurface.cpp">
      <Filter>Source Files</Filter>
    </ClCompile>
    <ClCompile Include="D:\Games\Open-Racing-Simulator-\src\modules\simu\simuv2\transmission.cpp">
      <Filter>Source Files</Filter>
    </ClCompile>
    <ClCompile Include="D:\Games\Open-Racing-Simulator-\src\modules\simu\simuv2\wheel.cpp">
      <Filter>Source Files</Filter>
    </ClCompile>
  </ItemGroup>
  <ItemGroup>
    <CustomBuild Include="D:\Games\Open-Racing-Simulator-\src\modules\simu\simuv2\CMakeLists.txt" />
  </ItemGroup>
  <ItemGroup>
    <Filter Include="Source Files">
      <UniqueIdentifier>{C0705C8A-BAC3-377D-A669-0F80921B3108}</UniqueIdentifier>
    </Filter>
  </ItemGroup>
</Project>
