<?xml version="1.0" encoding="utf-8"?>
<Project ToolsVersion="18.0" xmlns="http://schemas.microsoft.com/developer/msbuild/2003">
  <ItemGroup>
    <ClCompile Include="D:\Games\Open-Racing-Simulator-\src\drivers\damned\cardata.cpp">
      <Filter>Source Files</Filter>
    </ClCompile>
    <ClCompile Include="D:\Games\Open-Racing-Simulator-\src\drivers\damned\damned.cpp">
      <Filter>Source Files</Filter>
    </ClCompile>
    <ClCompile Include="D:\Games\Open-Racing-Simulator-\src\drivers\damned\driver.cpp">
      <Filter>Source Files</Filter>
    </ClCompile>
    <ClCompile Include="D:\Games\Open-Racing-Simulator-\src\drivers\damned\learn.cpp">
      <Filter>Source Files</Filter>
    </ClCompile>
    <ClCompile Include="D:\Games\Open-Racing-Simulator-\src\drivers\damned\opponent.cpp">
      <Filter>Source Files</Filter>
    </ClCompile>
    <ClCompile Include="D:\Games\Open-Racing-Simulator-\src\drivers\damned\pit.cpp">
      <Filter>Source Files</Filter>
    </ClCompile>
    <ClCompile Include="D:\Games\Open-Racing-Simulator-\src\drivers\damned\spline.cpp">
      <Filter>Source Files</Filter>
    </ClCompile>
    <ClCompile Include="D:\Games\Open-Racing-Simulator-\src\drivers\damned\strategy.cpp">
      <Filter>Source Files</Filter>
    </ClCompile>
  </ItemGroup>
  <ItemGroup>
    <CustomBuild Include="D:\Games\Open-Racing-Simulator-\src\drivers\CMakeLists.txt" />
  </ItemGroup>
  <ItemGroup>
    <Filter Include="Source Files">
      <UniqueIdentifier>{C0705C8A-BAC3-377D-A669-0F80921B3108}</UniqueIdentifier>
    </Filter>
  </ItemGroup>
</Project>
